// !$*UTF8*$!
{
	archiveVersion = 1;
	classes = {
	};
	objectVersion = 50;
	objects = {

/* Begin PBXBuildFile section */
		A64E682126025CB9003DED10 /* Location.swift in Sources */ = {isa = PBXBuildFile; fileRef = A64E682026025CB9003DED10 /* Location.swift */; };
		A65735C4260BE99B00821269 /* DailyConditions.swift in Sources */ = {isa = PBXBuildFile; fileRef = A65735C3260BE99B00821269 /* DailyConditions.swift */; };
		A65735CA260C10A100821269 /* AddEvent.swift in Sources */ = {isa = PBXBuildFile; fileRef = A65735C9260C10A100821269 /* AddEvent.swift */; };
		A6854E7C26012B5400B5CCA9 /* CulminatingTaskApp.swift in Sources */ = {isa = PBXBuildFile; fileRef = A6854E7B26012B5400B5CCA9 /* CulminatingTaskApp.swift */; };
		A6854E7E26012B5400B5CCA9 /* ContentView.swift in Sources */ = {isa = PBXBuildFile; fileRef = A6854E7D26012B5400B5CCA9 /* ContentView.swift */; };
		A6854E8026012B5700B5CCA9 /* Assets.xcassets in Resources */ = {isa = PBXBuildFile; fileRef = A6854E7F26012B5700B5CCA9 /* Assets.xcassets */; };
		A6854E8326012B5700B5CCA9 /* Preview Assets.xcassets in Resources */ = {isa = PBXBuildFile; fileRef = A6854E8226012B5700B5CCA9 /* Preview Assets.xcassets */; };
		A6D1825B260A66EA003825C2 /* WeeklyForecast.swift in Sources */ = {isa = PBXBuildFile; fileRef = A6D1825A260A66EA003825C2 /* WeeklyForecast.swift */; };
		A6D1825E260A7988003825C2 /* CalendarView.swift in Sources */ = {isa = PBXBuildFile; fileRef = A6D1825D260A7988003825C2 /* CalendarView.swift */; };
		A6D18261260A79B0003825C2 /* WeatherView.swift in Sources */ = {isa = PBXBuildFile; fileRef = A6D18260260A79B0003825C2 /* WeatherView.swift */; };
		A6D3F2212604FC91008FC0B6 /* SunTimes.swift in Sources */ = {isa = PBXBuildFile; fileRef = A6D3F2202604FC91008FC0B6 /* SunTimes.swift */; };
		A6D3F2242604FEE5008FC0B6 /* ForecastDay.swift in Sources */ = {isa = PBXBuildFile; fileRef = A6D3F2232604FEE5008FC0B6 /* ForecastDay.swift */; };
		A6DECA0F2603815E00CE0A7B /* WeatherList.swift in Sources */ = {isa = PBXBuildFile; fileRef = A6DECA0E2603815E00CE0A7B /* WeatherList.swift */; };
		A6DECA1326038C4100CE0A7B /* CurrentForecast.swift in Sources */ = {isa = PBXBuildFile; fileRef = A6DECA1226038C4100CE0A7B /* CurrentForecast.swift */; };
		A6DECA1726038FEF00CE0A7B /* Condition.swift in Sources */ = {isa = PBXBuildFile; fileRef = A6DECA1626038FEF00CE0A7B /* Condition.swift */; };
		A6DECA1B2603950800CE0A7B /* DailyForecast.swift in Sources */ = {isa = PBXBuildFile; fileRef = A6DECA1A2603950800CE0A7B /* DailyForecast.swift */; };
		A6DECA1F2603957F00CE0A7B /* DailyWeather.swift in Sources */ = {isa = PBXBuildFile; fileRef = A6DECA1E2603957F00CE0A7B /* DailyWeather.swift */; };
		A6EE9DEE260980230013A26E /* WeatherTopHalf.swift in Sources */ = {isa = PBXBuildFile; fileRef = A6EE9DED260980230013A26E /* WeatherTopHalf.swift */; };
		A6EE9DF12609802D0013A26E /* WeatherBottomHalf.swift in Sources */ = {isa = PBXBuildFile; fileRef = A6EE9DF02609802D0013A26E /* WeatherBottomHalf.swift */; };
/* End PBXBuildFile section */

/* Begin PBXFileReference section */
		A64E682026025CB9003DED10 /* Location.swift */ = {isa = PBXFileReference; lastKnownFileType = sourcecode.swift; path = Location.swift; sourceTree = "<group>"; };
		A65735C3260BE99B00821269 /* DailyConditions.swift */ = {isa = PBXFileReference; lastKnownFileType = sourcecode.swift; path = DailyConditions.swift; sourceTree = "<group>"; };
		A65735C9260C10A100821269 /* AddEvent.swift */ = {isa = PBXFileReference; lastKnownFileType = sourcecode.swift; path = AddEvent.swift; sourceTree = "<group>"; };
		A6854E7826012B5400B5CCA9 /* CulminatingTask.app */ = {isa = PBXFileReference; explicitFileType = wrapper.application; includeInIndex = 0; path = CulminatingTask.app; sourceTree = BUILT_PRODUCTS_DIR; };
		A6854E7B26012B5400B5CCA9 /* CulminatingTaskApp.swift */ = {isa = PBXFileReference; lastKnownFileType = sourcecode.swift; path = CulminatingTaskApp.swift; sourceTree = "<group>"; };
		A6854E7D26012B5400B5CCA9 /* ContentView.swift */ = {isa = PBXFileReference; lastKnownFileType = sourcecode.swift; path = ContentView.swift; sourceTree = "<group>"; };
		A6854E7F26012B5700B5CCA9 /* Assets.xcassets */ = {isa = PBXFileReference; lastKnownFileType = folder.assetcatalog; path = Assets.xcassets; sourceTree = "<group>"; };
		A6854E8226012B5700B5CCA9 /* Preview Assets.xcassets */ = {isa = PBXFileReference; lastKnownFileType = folder.assetcatalog; path = "Preview Assets.xcassets"; sourceTree = "<group>"; };
		A6854E8426012B5700B5CCA9 /* Info.plist */ = {isa = PBXFileReference; lastKnownFileType = text.plist.xml; path = Info.plist; sourceTree = "<group>"; };
		A6D1825A260A66EA003825C2 /* WeeklyForecast.swift */ = {isa = PBXFileReference; lastKnownFileType = sourcecode.swift; path = WeeklyForecast.swift; sourceTree = "<group>"; };
		A6D1825D260A7988003825C2 /* CalendarView.swift */ = {isa = PBXFileReference; lastKnownFileType = sourcecode.swift; path = CalendarView.swift; sourceTree = "<group>"; };
		A6D18260260A79B0003825C2 /* WeatherView.swift */ = {isa = PBXFileReference; lastKnownFileType = sourcecode.swift; path = WeatherView.swift; sourceTree = "<group>"; };
		A6D3F2202604FC91008FC0B6 /* SunTimes.swift */ = {isa = PBXFileReference; lastKnownFileType = sourcecode.swift; path = SunTimes.swift; sourceTree = "<group>"; };
		A6D3F2232604FEE5008FC0B6 /* ForecastDay.swift */ = {isa = PBXFileReference; lastKnownFileType = sourcecode.swift; path = ForecastDay.swift; sourceTree = "<group>"; };
		A6DECA0E2603815E00CE0A7B /* WeatherList.swift */ = {isa = PBXFileReference; lastKnownFileType = sourcecode.swift; path = WeatherList.swift; sourceTree = "<group>"; };
		A6DECA1226038C4100CE0A7B /* CurrentForecast.swift */ = {isa = PBXFileReference; lastKnownFileType = sourcecode.swift; path = CurrentForecast.swift; sourceTree = "<group>"; };
		A6DECA1626038FEF00CE0A7B /* Condition.swift */ = {isa = PBXFileReference; lastKnownFileType = sourcecode.swift; path = Condition.swift; sourceTree = "<group>"; };
		A6DECA1A2603950800CE0A7B /* DailyForecast.swift */ = {isa = PBXFileReference; lastKnownFileType = sourcecode.swift; path = DailyForecast.swift; sourceTree = "<group>"; };
		A6DECA1E2603957F00CE0A7B /* DailyWeather.swift */ = {isa = PBXFileReference; lastKnownFileType = sourcecode.swift; path = DailyWeather.swift; sourceTree = "<group>"; };
		A6EE9DED260980230013A26E /* WeatherTopHalf.swift */ = {isa = PBXFileReference; lastKnownFileType = sourcecode.swift; path = WeatherTopHalf.swift; sourceTree = "<group>"; };
		A6EE9DF02609802D0013A26E /* WeatherBottomHalf.swift */ = {isa = PBXFileReference; lastKnownFileType = sourcecode.swift; path = WeatherBottomHalf.swift; sourceTree = "<group>"; };
/* End PBXFileReference section */

/* Begin PBXFrameworksBuildPhase section */
		A6854E7526012B5400B5CCA9 /* Frameworks */ = {
			isa = PBXFrameworksBuildPhase;
			buildActionMask = 2147483647;
			files = (
			);
			runOnlyForDeploymentPostprocessing = 0;
		};
/* End PBXFrameworksBuildPhase section */

/* Begin PBXGroup section */
		A65735BA260BDB5000821269 /* JSON */ = {
			isa = PBXGroup;
			children = (
				A6DECA1626038FEF00CE0A7B /* Condition.swift */,
				A6DECA1226038C4100CE0A7B /* CurrentForecast.swift */,
				A6DECA0E2603815E00CE0A7B /* WeatherList.swift */,
				A64E682026025CB9003DED10 /* Location.swift */,
				A6DECA1D2603955500CE0A7B /* Daily Forecasts */,
			);
			path = JSON;
			sourceTree = "<group>";
		};
		A6854E6F26012B5400B5CCA9 = {
			isa = PBXGroup;
			children = (
				A6854E7A26012B5400B5CCA9 /* CulminatingTask */,
				A6854E7926012B5400B5CCA9 /* Products */,
			);
			sourceTree = "<group>";
		};
		A6854E7926012B5400B5CCA9 /* Products */ = {
			isa = PBXGroup;
			children = (
				A6854E7826012B5400B5CCA9 /* CulminatingTask.app */,
			);
			name = Products;
			sourceTree = "<group>";
		};
		A6854E7A26012B5400B5CCA9 /* CulminatingTask */ = {
			isa = PBXGroup;
			children = (
				A6854E7B26012B5400B5CCA9 /* CulminatingTaskApp.swift */,
				A6854E8B26012CA700B5CCA9 /* Views */,
				A6854E8C26012CAF00B5CCA9 /* Models */,
				A6854E8426012B5700B5CCA9 /* Info.plist */,
				A6854E7F26012B5700B5CCA9 /* Assets.xcassets */,
				A6854E8126012B5700B5CCA9 /* Preview Content */,
			);
			path = CulminatingTask;
			sourceTree = "<group>";
		};
		A6854E8126012B5700B5CCA9 /* Preview Content */ = {
			isa = PBXGroup;
			children = (
				A6854E8226012B5700B5CCA9 /* Preview Assets.xcassets */,
			);
			path = "Preview Content";
			sourceTree = "<group>";
		};
		A6854E8B26012CA700B5CCA9 /* Views */ = {
			isa = PBXGroup;
			children = (
				A6854E7D26012B5400B5CCA9 /* ContentView.swift */,
				A6D18265260ABBA7003825C2 /* Calendar */,
				A6D18264260ABB90003825C2 /* Weather */,
			);
			path = Views;
			sourceTree = "<group>";
		};
		A6854E8C26012CAF00B5CCA9 /* Models */ = {
			isa = PBXGroup;
			children = (
				A65735BA260BDB5000821269 /* JSON */,
			);
			path = Models;
			sourceTree = "<group>";
		};
		A6D18264260ABB90003825C2 /* Weather */ = {
			isa = PBXGroup;
			children = (
				A6EE9DED260980230013A26E /* WeatherTopHalf.swift */,
				A6EE9DF02609802D0013A26E /* WeatherBottomHalf.swift */,
				A6D18260260A79B0003825C2 /* WeatherView.swift */,
				A6D1825A260A66EA003825C2 /* WeeklyForecast.swift */,
				A65735C9260C10A100821269 /* AddEvent.swift */,
			);
			path = Weather;
			sourceTree = "<group>";
		};
		A6D18265260ABBA7003825C2 /* Calendar */ = {
			isa = PBXGroup;
			children = (
				A6D1825D260A7988003825C2 /* CalendarView.swift */,
			);
			path = Calendar;
			sourceTree = "<group>";
		};
		A6DECA1D2603955500CE0A7B /* Daily Forecasts */ = {
			isa = PBXGroup;
			children = (
				A6DECA1A2603950800CE0A7B /* DailyForecast.swift */,
				A6DECA1E2603957F00CE0A7B /* DailyWeather.swift */,
				A6D3F2202604FC91008FC0B6 /* SunTimes.swift */,
				A6D3F2232604FEE5008FC0B6 /* ForecastDay.swift */,
				A65735C3260BE99B00821269 /* DailyConditions.swift */,
			);
			path = "Daily Forecasts";
			sourceTree = "<group>";
		};
/* End PBXGroup section */

/* Begin PBXNativeTarget section */
		A6854E7726012B5400B5CCA9 /* CulminatingTask */ = {
			isa = PBXNativeTarget;
			buildConfigurationList = A6854E8726012B5700B5CCA9 /* Build configuration list for PBXNativeTarget "CulminatingTask" */;
			buildPhases = (
				A6854E7426012B5400B5CCA9 /* Sources */,
				A6854E7526012B5400B5CCA9 /* Frameworks */,
				A6854E7626012B5400B5CCA9 /* Resources */,
			);
			buildRules = (
			);
			dependencies = (
			);
			name = CulminatingTask;
			productName = CulminatingTask;
			productReference = A6854E7826012B5400B5CCA9 /* CulminatingTask.app */;
			productType = "com.apple.product-type.application";
		};
/* End PBXNativeTarget section */

/* Begin PBXProject section */
		A6854E7026012B5400B5CCA9 /* Project object */ = {
			isa = PBXProject;
			attributes = {
				LastSwiftUpdateCheck = 1240;
				LastUpgradeCheck = 1240;
				TargetAttributes = {
					A6854E7726012B5400B5CCA9 = {
						CreatedOnToolsVersion = 12.4;
					};
				};
			};
			buildConfigurationList = A6854E7326012B5400B5CCA9 /* Build configuration list for PBXProject "CulminatingTask" */;
			compatibilityVersion = "Xcode 9.3";
			developmentRegion = en;
			hasScannedForEncodings = 0;
			knownRegions = (
				en,
				Base,
			);
			mainGroup = A6854E6F26012B5400B5CCA9;
			productRefGroup = A6854E7926012B5400B5CCA9 /* Products */;
			projectDirPath = "";
			projectRoot = "";
			targets = (
				A6854E7726012B5400B5CCA9 /* CulminatingTask */,
			);
		};
/* End PBXProject section */

/* Begin PBXResourcesBuildPhase section */
		A6854E7626012B5400B5CCA9 /* Resources */ = {
			isa = PBXResourcesBuildPhase;
			buildActionMask = 2147483647;
			files = (
				A6854E8326012B5700B5CCA9 /* Preview Assets.xcassets in Resources */,
				A6854E8026012B5700B5CCA9 /* Assets.xcassets in Resources */,
			);
			runOnlyForDeploymentPostprocessing = 0;
		};
/* End PBXResourcesBuildPhase section */

/* Begin PBXSourcesBuildPhase section */
		A6854E7426012B5400B5CCA9 /* Sources */ = {
			isa = PBXSourcesBuildPhase;
			buildActionMask = 2147483647;
			files = (
				A6D18261260A79B0003825C2 /* WeatherView.swift in Sources */,
				A6DECA1F2603957F00CE0A7B /* DailyWeather.swift in Sources */,
				A6D3F2212604FC91008FC0B6 /* SunTimes.swift in Sources */,
				A6EE9DF12609802D0013A26E /* WeatherBottomHalf.swift in Sources */,
				A6D1825B260A66EA003825C2 /* WeeklyForecast.swift in Sources */,
				A6DECA1B2603950800CE0A7B /* DailyForecast.swift in Sources */,
				A6DECA0F2603815E00CE0A7B /* WeatherList.swift in Sources */,
				A6DECA1726038FEF00CE0A7B /* Condition.swift in Sources */,
				A6854E7E26012B5400B5CCA9 /* ContentView.swift in Sources */,
				A6D1825E260A7988003825C2 /* CalendarView.swift in Sources */,
				A6854E7C26012B5400B5CCA9 /* CulminatingTaskApp.swift in Sources */,
				A64E682126025CB9003DED10 /* Location.swift in Sources */,
				A6EE9DEE260980230013A26E /* WeatherTopHalf.swift in Sources */,
				A65735C4260BE99B00821269 /* DailyConditions.swift in Sources */,
				A65735CA260C10A100821269 /* AddEvent.swift in Sources */,
				A6DECA1326038C4100CE0A7B /* CurrentForecast.swift in Sources */,
				A6D3F2242604FEE5008FC0B6 /* ForecastDay.swift in Sources */,
			);
			runOnlyForDeploymentPostprocessing = 0;
		};
/* End PBXSourcesBuildPhase section */

/* Begin XCBuildConfiguration section */
		A6854E8526012B5700B5CCA9 /* Debug */ = {
			isa = XCBuildConfiguration;
			buildSettings = {
				ALWAYS_SEARCH_USER_PATHS = NO;
				CLANG_ANALYZER_NONNULL = YES;
				CLANG_ANALYZER_NUMBER_OBJECT_CONVERSION = YES_AGGRESSIVE;
				CLANG_CXX_LANGUAGE_STANDARD = "gnu++14";
				CLANG_CXX_LIBRARY = "libc++";
				CLANG_ENABLE_MODULES = YES;
				CLANG_ENABLE_OBJC_ARC = YES;
				CLANG_ENABLE_OBJC_WEAK = YES;
				CLANG_WARN_BLOCK_CAPTURE_AUTORELEASING = YES;
				CLANG_WARN_BOOL_CONVERSION = YES;
				CLANG_WARN_COMMA = YES;
				CLANG_WARN_CONSTANT_CONVERSION = YES;
				CLANG_WARN_DEPRECATED_OBJC_IMPLEMENTATIONS = YES;
				CLANG_WARN_DIRECT_OBJC_ISA_USAGE = YES_ERROR;
				CLANG_WARN_DOCUMENTATION_COMMENTS = YES;
				CLANG_WARN_EMPTY_BODY = YES;
				CLANG_WARN_ENUM_CONVERSION = YES;
				CLANG_WARN_INFINITE_RECURSION = YES;
				CLANG_WARN_INT_CONVERSION = YES;
				CLANG_WARN_NON_LITERAL_NULL_CONVERSION = YES;
				CLANG_WARN_OBJC_IMPLICIT_RETAIN_SELF = YES;
				CLANG_WARN_OBJC_LITERAL_CONVERSION = YES;
				CLANG_WARN_OBJC_ROOT_CLASS = YES_ERROR;
				CLANG_WARN_QUOTED_INCLUDE_IN_FRAMEWORK_HEADER = YES;
				CLANG_WARN_RANGE_LOOP_ANALYSIS = YES;
				CLANG_WARN_STRICT_PROTOTYPES = YES;
				CLANG_WARN_SUSPICIOUS_MOVE = YES;
				CLANG_WARN_UNGUARDED_AVAILABILITY = YES_AGGRESSIVE;
				CLANG_WARN_UNREACHABLE_CODE = YES;
				CLANG_WARN__DUPLICATE_METHOD_MATCH = YES;
				COPY_PHASE_STRIP = NO;
				DEBUG_INFORMATION_FORMAT = dwarf;
				ENABLE_STRICT_OBJC_MSGSEND = YES;
				ENABLE_TESTABILITY = YES;
				GCC_C_LANGUAGE_STANDARD = gnu11;
				GCC_DYNAMIC_NO_PIC = NO;
				GCC_NO_COMMON_BLOCKS = YES;
				GCC_OPTIMIZATION_LEVEL = 0;
				GCC_PREPROCESSOR_DEFINITIONS = (
					"DEBUG=1",
					"$(inherited)",
				);
				GCC_WARN_64_TO_32_BIT_CONVERSION = YES;
				GCC_WARN_ABOUT_RETURN_TYPE = YES_ERROR;
				GCC_WARN_UNDECLARED_SELECTOR = YES;
				GCC_WARN_UNINITIALIZED_AUTOS = YES_AGGRESSIVE;
				GCC_WARN_UNUSED_FUNCTION = YES;
				GCC_WARN_UNUSED_VARIABLE = YES;
				IPHONEOS_DEPLOYMENT_TARGET = 14.4;
				MTL_ENABLE_DEBUG_INFO = INCLUDE_SOURCE;
				MTL_FAST_MATH = YES;
				ONLY_ACTIVE_ARCH = YES;
				SDKROOT = iphoneos;
				SWIFT_ACTIVE_COMPILATION_CONDITIONS = DEBUG;
				SWIFT_OPTIMIZATION_LEVEL = "-Onone";
			};
			name = Debug;
		};
		A6854E8626012B5700B5CCA9 /* Release */ = {
			isa = XCBuildConfiguration;
			buildSettings = {
				ALWAYS_SEARCH_USER_PATHS = NO;
				CLANG_ANALYZER_NONNULL = YES;
				CLANG_ANALYZER_NUMBER_OBJECT_CONVERSION = YES_AGGRESSIVE;
				CLANG_CXX_LANGUAGE_STANDARD = "gnu++14";
				CLANG_CXX_LIBRARY = "libc++";
				CLANG_ENABLE_MODULES = YES;
				CLANG_ENABLE_OBJC_ARC = YES;
				CLANG_ENABLE_OBJC_WEAK = YES;
				CLANG_WARN_BLOCK_CAPTURE_AUTORELEASING = YES;
				CLANG_WARN_BOOL_CONVERSION = YES;
				CLANG_WARN_COMMA = YES;
				CLANG_WARN_CONSTANT_CONVERSION = YES;
				CLANG_WARN_DEPRECATED_OBJC_IMPLEMENTATIONS = YES;
				CLANG_WARN_DIRECT_OBJC_ISA_USAGE = YES_ERROR;
				CLANG_WARN_DOCUMENTATION_COMMENTS = YES;
				CLANG_WARN_EMPTY_BODY = YES;
				CLANG_WARN_ENUM_CONVERSION = YES;
				CLANG_WARN_INFINITE_RECURSION = YES;
				CLANG_WARN_INT_CONVERSION = YES;
				CLANG_WARN_NON_LITERAL_NULL_CONVERSION = YES;
				CLANG_WARN_OBJC_IMPLICIT_RETAIN_SELF = YES;
				CLANG_WARN_OBJC_LITERAL_CONVERSION = YES;
				CLANG_WARN_OBJC_ROOT_CLASS = YES_ERROR;
				CLANG_WARN_QUOTED_INCLUDE_IN_FRAMEWORK_HEADER = YES;
				CLANG_WARN_RANGE_LOOP_ANALYSIS = YES;
				CLANG_WARN_STRICT_PROTOTYPES = YES;
				CLANG_WARN_SUSPICIOUS_MOVE = YES;
				CLANG_WARN_UNGUARDED_AVAILABILITY = YES_AGGRESSIVE;
				CLANG_WARN_UNREACHABLE_CODE = YES;
				CLANG_WARN__DUPLICATE_METHOD_MATCH = YES;
				COPY_PHASE_STRIP = NO;
				DEBUG_INFORMATION_FORMAT = "dwarf-with-dsym";
				ENABLE_NS_ASSERTIONS = NO;
				ENABLE_STRICT_OBJC_MSGSEND = YES;
				GCC_C_LANGUAGE_STANDARD = gnu11;
				GCC_NO_COMMON_BLOCKS = YES;
				GCC_WARN_64_TO_32_BIT_CONVERSION = YES;
				GCC_WARN_ABOUT_RETURN_TYPE = YES_ERROR;
				GCC_WARN_UNDECLARED_SELECTOR = YES;
				GCC_WARN_UNINITIALIZED_AUTOS = YES_AGGRESSIVE;
				GCC_WARN_UNUSED_FUNCTION = YES;
				GCC_WARN_UNUSED_VARIABLE = YES;
				IPHONEOS_DEPLOYMENT_TARGET = 14.4;
				MTL_ENABLE_DEBUG_INFO = NO;
				MTL_FAST_MATH = YES;
				SDKROOT = iphoneos;
				SWIFT_COMPILATION_MODE = wholemodule;
				SWIFT_OPTIMIZATION_LEVEL = "-O";
				VALIDATE_PRODUCT = YES;
			};
			name = Release;
		};
		A6854E8826012B5700B5CCA9 /* Debug */ = {
			isa = XCBuildConfiguration;
			buildSettings = {
				ASSETCATALOG_COMPILER_APPICON_NAME = AppIcon;
				ASSETCATALOG_COMPILER_GLOBAL_ACCENT_COLOR_NAME = AccentColor;
				CODE_SIGN_STYLE = Automatic;
				DEVELOPMENT_ASSET_PATHS = "\"CulminatingTask/Preview Content\"";
				DEVELOPMENT_TEAM = S2D4LD8KV4;
				ENABLE_PREVIEWS = YES;
				INFOPLIST_FILE = CulminatingTask/Info.plist;
				IPHONEOS_DEPLOYMENT_TARGET = 14.0;
				LD_RUNPATH_SEARCH_PATHS = (
					"$(inherited)",
					"@executable_path/Frameworks",
				);
				PRODUCT_BUNDLE_IDENTIFIER = ca.bradleykang.CulminatingTask;
				PRODUCT_NAME = "$(TARGET_NAME)";
				SWIFT_VERSION = 5.0;
				TARGETED_DEVICE_FAMILY = "1,2";
			};
			name = Debug;
		};
		A6854E8926012B5700B5CCA9 /* Release */ = {
			isa = XCBuildConfiguration;
			buildSettings = {
				ASSETCATALOG_COMPILER_APPICON_NAME = AppIcon;
				ASSETCATALOG_COMPILER_GLOBAL_ACCENT_COLOR_NAME = AccentColor;
				CODE_SIGN_STYLE = Automatic;
				DEVELOPMENT_ASSET_PATHS = "\"CulminatingTask/Preview Content\"";
				DEVELOPMENT_TEAM = S2D4LD8KV4;
				ENABLE_PREVIEWS = YES;
				INFOPLIST_FILE = CulminatingTask/Info.plist;
				IPHONEOS_DEPLOYMENT_TARGET = 14.0;
				LD_RUNPATH_SEARCH_PATHS = (
					"$(inherited)",
					"@executable_path/Frameworks",
				);
				PRODUCT_BUNDLE_IDENTIFIER = ca.bradleykang.CulminatingTask;
				PRODUCT_NAME = "$(TARGET_NAME)";
				SWIFT_VERSION = 5.0;
				TARGETED_DEVICE_FAMILY = "1,2";
			};
			name = Release;
		};
/* End XCBuildConfiguration section */

/* Begin XCConfigurationList section */
		A6854E7326012B5400B5CCA9 /* Build configuration list for PBXProject "CulminatingTask" */ = {
			isa = XCConfigurationList;
			buildConfigurations = (
				A6854E8526012B5700B5CCA9 /* Debug */,
				A6854E8626012B5700B5CCA9 /* Release */,
			);
			defaultConfigurationIsVisible = 0;
			defaultConfigurationName = Release;
		};
		A6854E8726012B5700B5CCA9 /* Build configuration list for PBXNativeTarget "CulminatingTask" */ = {
			isa = XCConfigurationList;
			buildConfigurations = (
				A6854E8826012B5700B5CCA9 /* Debug */,
				A6854E8926012B5700B5CCA9 /* Release */,
			);
			defaultConfigurationIsVisible = 0;
			defaultConfigurationName = Release;
		};
/* End XCConfigurationList section */
	};
	rootObject = A6854E7026012B5400B5CCA9 /* Project object */;
}
